// !$*UTF8*$!
{
	archiveVersion = 1;
	classes = {
	};
	objectVersion = 56;
	objects = {

/* Begin PBXBuildFile section */
		17A917C04319BB4EA99FBCB7 /* Pods_HN_Pra19_IOS_Movie_App.framework in Frameworks */ = {isa = PBXBuildFile; fileRef = B35DED75A3791F2F55229CCF /* Pods_HN_Pra19_IOS_Movie_App.framework */; };
		332EC4DD2C5011E200B46ACC /* Main.storyboard in Resources */ = {isa = PBXBuildFile; fileRef = 332EC4DB2C5011E200B46ACC /* Main.storyboard */; };
		332EC4DF2C5011E300B46ACC /* Assets.xcassets in Resources */ = {isa = PBXBuildFile; fileRef = 332EC4DE2C5011E300B46ACC /* Assets.xcassets */; };
		332EC4E22C5011E300B46ACC /* LaunchScreen.storyboard in Resources */ = {isa = PBXBuildFile; fileRef = 332EC4E02C5011E300B46ACC /* LaunchScreen.storyboard */; };
		332EC4FD2C50124000B46ACC /* AdventPro-Bold.ttf in Resources */ = {isa = PBXBuildFile; fileRef = 332EC4EA2C50124000B46ACC /* AdventPro-Bold.ttf */; };
		332EC4FE2C50124000B46ACC /* AdventPro-SemiBold.ttf in Resources */ = {isa = PBXBuildFile; fileRef = 332EC4EB2C50124000B46ACC /* AdventPro-SemiBold.ttf */; };
		332EC4FF2C50124000B46ACC /* AdventPro-Medium.ttf in Resources */ = {isa = PBXBuildFile; fileRef = 332EC4EC2C50124000B46ACC /* AdventPro-Medium.ttf */; };
		332EC5002C50124000B46ACC /* AdventPro-Regular.ttf in Resources */ = {isa = PBXBuildFile; fileRef = 332EC4ED2C50124000B46ACC /* AdventPro-Regular.ttf */; };
		332EC5012C50124000B46ACC /* AppDelegate.swift in Sources */ = {isa = PBXBuildFile; fileRef = 332EC4EF2C50124000B46ACC /* AppDelegate.swift */; };
		332EC5022C50124000B46ACC /* SceneDelegate.swift in Sources */ = {isa = PBXBuildFile; fileRef = 332EC4F02C50124000B46ACC /* SceneDelegate.swift */; };
		332EC5032C50124000B46ACC /* Constants.swift in Sources */ = {isa = PBXBuildFile; fileRef = 332EC4F22C50124000B46ACC /* Constants.swift */; };
		332EC5042C50124000B46ACC /* NibLoadableView.swift in Sources */ = {isa = PBXBuildFile; fileRef = 332EC4F32C50124000B46ACC /* NibLoadableView.swift */; };
		332EC5062C50124000B46ACC /* UIViewExtension.swift in Sources */ = {isa = PBXBuildFile; fileRef = 332EC4F52C50124000B46ACC /* UIViewExtension.swift */; };
		332EC5072C50124000B46ACC /* Extensions.swift in Sources */ = {isa = PBXBuildFile; fileRef = 332EC4F62C50124000B46ACC /* Extensions.swift */; };
		332EC5082C50124000B46ACC /* UserDefaults.swift in Sources */ = {isa = PBXBuildFile; fileRef = 332EC4F72C50124000B46ACC /* UserDefaults.swift */; };
		332EC5092C50124000B46ACC /* UIFontExtension.swift in Sources */ = {isa = PBXBuildFile; fileRef = 332EC4F82C50124000B46ACC /* UIFontExtension.swift */; };
		332EC50A2C50124000B46ACC /* Utils.swift in Sources */ = {isa = PBXBuildFile; fileRef = 332EC4F92C50124000B46ACC /* Utils.swift */; };
		332EC50B2C50124000B46ACC /* GlobalFunctions.swift in Sources */ = {isa = PBXBuildFile; fileRef = 332EC4FA2C50124000B46ACC /* GlobalFunctions.swift */; };
		332EC50D2C50124000B46ACC /* ToastView.swift in Sources */ = {isa = PBXBuildFile; fileRef = 332EC4FC2C50124000B46ACC /* ToastView.swift */; };
		332F94EE2C60ADDC00CA68AB /* ShadowImageView.swift in Sources */ = {isa = PBXBuildFile; fileRef = 332F94ED2C60ADDC00CA68AB /* ShadowImageView.swift */; };
		336174962C5CBAB800AFC7E0 /* ActorDetailViewController.swift in Sources */ = {isa = PBXBuildFile; fileRef = 336174942C5CBAB800AFC7E0 /* ActorDetailViewController.swift */; };
		336174972C5CBAB800AFC7E0 /* ActorDetailViewController.xib in Resources */ = {isa = PBXBuildFile; fileRef = 336174952C5CBAB800AFC7E0 /* ActorDetailViewController.xib */; };
		3361749B2C5CBADD00AFC7E0 /* ActorDetailInfoItemCell.swift in Sources */ = {isa = PBXBuildFile; fileRef = 336174992C5CBADD00AFC7E0 /* ActorDetailInfoItemCell.swift */; };
		3361749C2C5CBADD00AFC7E0 /* ActorDetailInfoItemCell.xib in Resources */ = {isa = PBXBuildFile; fileRef = 3361749A2C5CBADD00AFC7E0 /* ActorDetailInfoItemCell.xib */; };
		336174A02C5CEE6900AFC7E0 /* PlayTraillerViewController.swift in Sources */ = {isa = PBXBuildFile; fileRef = 3361749E2C5CEE6900AFC7E0 /* PlayTraillerViewController.swift */; };
		336174A12C5CEE6900AFC7E0 /* PlayTraillerViewController.xib in Resources */ = {isa = PBXBuildFile; fileRef = 3361749F2C5CEE6900AFC7E0 /* PlayTraillerViewController.xib */; };
		3361D6E22C50D4DF002E3923 /* CustomNavigationViewController.swift in Sources */ = {isa = PBXBuildFile; fileRef = 3361D6E12C50D4DF002E3923 /* CustomNavigationViewController.swift */; };
		3374479A2C53A26300D01D1D /* APIService.swift in Sources */ = {isa = PBXBuildFile; fileRef = 337447992C53A26300D01D1D /* APIService.swift */; };
		337447A12C53A27000D01D1D /* SearchResultModel.swift in Sources */ = {isa = PBXBuildFile; fileRef = 3374479B2C53A26F00D01D1D /* SearchResultModel.swift */; };
		337447A22C53A27000D01D1D /* VideoTrailerModel.swift in Sources */ = {isa = PBXBuildFile; fileRef = 3374479C2C53A27000D01D1D /* VideoTrailerModel.swift */; };
		337447A32C53A27000D01D1D /* MoviesModel.swift in Sources */ = {isa = PBXBuildFile; fileRef = 3374479D2C53A27000D01D1D /* MoviesModel.swift */; };
		337447A42C53A27000D01D1D /* CreditModel.swift in Sources */ = {isa = PBXBuildFile; fileRef = 3374479E2C53A27000D01D1D /* CreditModel.swift */; };
		337447A52C53A27000D01D1D /* ActorResultModel.swift in Sources */ = {isa = PBXBuildFile; fileRef = 3374479F2C53A27000D01D1D /* ActorResultModel.swift */; };
		337447A62C53A27000D01D1D /* ImagesModel.swift in Sources */ = {isa = PBXBuildFile; fileRef = 337447A02C53A27000D01D1D /* ImagesModel.swift */; };
		3387D0272C577F8300C96B7D /* CastModel.swift in Sources */ = {isa = PBXBuildFile; fileRef = 3387D0262C577F8300C96B7D /* CastModel.swift */; };
		3387D0292C577FAD00C96B7D /* SearchModel.swift in Sources */ = {isa = PBXBuildFile; fileRef = 3387D0282C577FAD00C96B7D /* SearchModel.swift */; };
		3387D02B2C577FCA00C96B7D /* CombinedCreditModel.swift in Sources */ = {isa = PBXBuildFile; fileRef = 3387D02A2C577FCA00C96B7D /* CombinedCreditModel.swift */; };
		3387D02D2C577FED00C96B7D /* BackdropModel.swift in Sources */ = {isa = PBXBuildFile; fileRef = 3387D02C2C577FED00C96B7D /* BackdropModel.swift */; };
		3387D0302C5781D500C96B7D /* Enviroment.swift in Sources */ = {isa = PBXBuildFile; fileRef = 3387D02F2C5781D500C96B7D /* Enviroment.swift */; };
		3387D0322C57837A00C96B7D /* ActorModel.swift in Sources */ = {isa = PBXBuildFile; fileRef = 3387D0312C57837A00C96B7D /* ActorModel.swift */; };
		3387D0342C57839300C96B7D /* PeopleKnownForModel.swift in Sources */ = {isa = PBXBuildFile; fileRef = 3387D0332C57839300C96B7D /* PeopleKnownForModel.swift */; };
		3387D0362C5783D400C96B7D /* APIPath.swift in Sources */ = {isa = PBXBuildFile; fileRef = 3387D0352C5783D400C96B7D /* APIPath.swift */; };
		3387D0382C57843600C96B7D /* MoviesResult.swift in Sources */ = {isa = PBXBuildFile; fileRef = 3387D0372C57843600C96B7D /* MoviesResult.swift */; };
		3387D03A2C57845D00C96B7D /* VideoModel.swift in Sources */ = {isa = PBXBuildFile; fileRef = 3387D0392C57845D00C96B7D /* VideoModel.swift */; };
		3387D03C2C57870E00C96B7D /* BaseViewController.swift in Sources */ = {isa = PBXBuildFile; fileRef = 3387D03B2C57870E00C96B7D /* BaseViewController.swift */; };
		3387D03E2C57874C00C96B7D /* HomeViewController.xib in Resources */ = {isa = PBXBuildFile; fileRef = 3387D03D2C57874C00C96B7D /* HomeViewController.xib */; };
		339100002C59EC4600890CA2 /* MovieDetailViewController.swift in Sources */ = {isa = PBXBuildFile; fileRef = 3391FFFE2C59EC4600890CA2 /* MovieDetailViewController.swift */; };
		339100012C59EC4600890CA2 /* MovieDetailViewController.xib in Resources */ = {isa = PBXBuildFile; fileRef = 3391FFFF2C59EC4600890CA2 /* MovieDetailViewController.xib */; };
		3391000D2C59EC9C00890CA2 /* ActorItemCell.xib in Resources */ = {isa = PBXBuildFile; fileRef = 339100032C59EC9C00890CA2 /* ActorItemCell.xib */; };
		3391000E2C59EC9C00890CA2 /* EmptyItemCell.xib in Resources */ = {isa = PBXBuildFile; fileRef = 339100042C59EC9C00890CA2 /* EmptyItemCell.xib */; };
		3391000F2C59EC9C00890CA2 /* ActorItemCell.swift in Sources */ = {isa = PBXBuildFile; fileRef = 339100052C59EC9C00890CA2 /* ActorItemCell.swift */; };
		339100102C59EC9C00890CA2 /* EmptyItemCell.swift in Sources */ = {isa = PBXBuildFile; fileRef = 339100062C59EC9C00890CA2 /* EmptyItemCell.swift */; };
		339100112C59EC9C00890CA2 /* MovieDetailInfoItemCell.xib in Resources */ = {isa = PBXBuildFile; fileRef = 339100072C59EC9C00890CA2 /* MovieDetailInfoItemCell.xib */; };
		339100122C59EC9C00890CA2 /* PhotoItemCell.swift in Sources */ = {isa = PBXBuildFile; fileRef = 339100082C59EC9C00890CA2 /* PhotoItemCell.swift */; };
		339100132C59EC9C00890CA2 /* PhotoItemCell.xib in Resources */ = {isa = PBXBuildFile; fileRef = 339100092C59EC9C00890CA2 /* PhotoItemCell.xib */; };
		339100142C59EC9C00890CA2 /* MovieDetailHeaderView.xib in Resources */ = {isa = PBXBuildFile; fileRef = 3391000A2C59EC9C00890CA2 /* MovieDetailHeaderView.xib */; };
		339100152C59EC9C00890CA2 /* MovieDetailInfoItemCell.swift in Sources */ = {isa = PBXBuildFile; fileRef = 3391000B2C59EC9C00890CA2 /* MovieDetailInfoItemCell.swift */; };
		339100162C59EC9C00890CA2 /* MovieDetailHeaderView.swift in Sources */ = {isa = PBXBuildFile; fileRef = 3391000C2C59EC9C00890CA2 /* MovieDetailHeaderView.swift */; };
		3391FFF62C59E46400890CA2 /* SearchViewController.swift in Sources */ = {isa = PBXBuildFile; fileRef = 3391FFF42C59E46400890CA2 /* SearchViewController.swift */; };
		3391FFF72C59E46400890CA2 /* SearchViewController.xib in Resources */ = {isa = PBXBuildFile; fileRef = 3391FFF52C59E46400890CA2 /* SearchViewController.xib */; };
		3391FFFB2C59E47B00890CA2 /* SearchItemCell.xib in Resources */ = {isa = PBXBuildFile; fileRef = 3391FFF92C59E47B00890CA2 /* SearchItemCell.xib */; };
		3391FFFC2C59E47B00890CA2 /* SearchItemCell.swift in Sources */ = {isa = PBXBuildFile; fileRef = 3391FFFA2C59E47B00890CA2 /* SearchItemCell.swift */; };
		33A663582C5272B300A6AAC6 /* KVCircleSubMenuButton.swift in Sources */ = {isa = PBXBuildFile; fileRef = 33A663542C5272B300A6AAC6 /* KVCircleSubMenuButton.swift */; };
		33A663592C5272B300A6AAC6 /* KVCircleMenuButton.swift in Sources */ = {isa = PBXBuildFile; fileRef = 33A663552C5272B300A6AAC6 /* KVCircleMenuButton.swift */; };
		33A6635A2C5272B300A6AAC6 /* KVCircleHomeMenuButton.swift in Sources */ = {isa = PBXBuildFile; fileRef = 33A663562C5272B300A6AAC6 /* KVCircleHomeMenuButton.swift */; };
		33A6635B2C5272B300A6AAC6 /* KVCircleMenuAnimator.swift in Sources */ = {isa = PBXBuildFile; fileRef = 33A663572C5272B300A6AAC6 /* KVCircleMenuAnimator.swift */; };
		33A6635E2C5272E000A6AAC6 /* HomeViewController.swift in Sources */ = {isa = PBXBuildFile; fileRef = 33A6635C2C5272E000A6AAC6 /* HomeViewController.swift */; };
		33A663622C5272F100A6AAC6 /* ActorViewController.swift in Sources */ = {isa = PBXBuildFile; fileRef = 33A663602C5272F100A6AAC6 /* ActorViewController.swift */; };
		33A663632C5272F100A6AAC6 /* ActorViewController.xib in Resources */ = {isa = PBXBuildFile; fileRef = 33A663612C5272F100A6AAC6 /* ActorViewController.xib */; };
		33A663662C5272FD00A6AAC6 /* StaticsViewController.swift in Sources */ = {isa = PBXBuildFile; fileRef = 33A663642C5272FD00A6AAC6 /* StaticsViewController.swift */; };
		33A663672C5272FD00A6AAC6 /* StaticsViewController.xib in Resources */ = {isa = PBXBuildFile; fileRef = 33A663652C5272FD00A6AAC6 /* StaticsViewController.xib */; };
		33AED5AA2C578A52005EEB39 /* HomeItemCell.xib in Resources */ = {isa = PBXBuildFile; fileRef = 33AED5A82C578A52005EEB39 /* HomeItemCell.xib */; };
		33AED5AB2C578A52005EEB39 /* HomeItemCell.swift in Sources */ = {isa = PBXBuildFile; fileRef = 33AED5A92C578A52005EEB39 /* HomeItemCell.swift */; };
		33BD24B02C5E721100AA2E94 /* PieChartView.swift in Sources */ = {isa = PBXBuildFile; fileRef = 33BD24AF2C5E721100AA2E94 /* PieChartView.swift */; };
		33BD24B52C5E724100AA2E94 /* EmptyTableViewCell.xib in Resources */ = {isa = PBXBuildFile; fileRef = 33BD24B32C5E724100AA2E94 /* EmptyTableViewCell.xib */; };
		33BD24B62C5E724100AA2E94 /* EmptyTableViewCell.swift in Sources */ = {isa = PBXBuildFile; fileRef = 33BD24B42C5E724100AA2E94 /* EmptyTableViewCell.swift */; };
		33BD24B82C5FF32F00AA2E94 /* CoreDataUtils.swift in Sources */ = {isa = PBXBuildFile; fileRef = 33BD24B72C5FF32F00AA2E94 /* CoreDataUtils.swift */; };
		33BD24BE2C5FF69200AA2E94 /* CoreDataStatistics.swift in Sources */ = {isa = PBXBuildFile; fileRef = 33BD24BD2C5FF69200AA2E94 /* CoreDataStatistics.swift */; };
		33DF09B32C58F3F4009D323B /* ToastEnum.swift in Sources */ = {isa = PBXBuildFile; fileRef = 33DF09B22C58F3F4009D323B /* ToastEnum.swift */; };
		33DF09B52C58FD48009D323B /* ActivityIndicatorUtility.swift in Sources */ = {isa = PBXBuildFile; fileRef = 33DF09B42C58FD48009D323B /* ActivityIndicatorUtility.swift */; };
		33DF09B72C58FE13009D323B /* ImageCacheManager.swift in Sources */ = {isa = PBXBuildFile; fileRef = 33DF09B62C58FE13009D323B /* ImageCacheManager.swift */; };
		33F04CBE2C60017F007C4BFD /* DB.xcdatamodeld in Sources */ = {isa = PBXBuildFile; fileRef = 33F04CBC2C60017F007C4BFD /* DB.xcdatamodeld */; };
/* End PBXBuildFile section */

/* Begin PBXFileReference section */
		332EC4D22C5011E200B46ACC /* HN_Pra19_IOS_Movie_App.app */ = {isa = PBXFileReference; explicitFileType = wrapper.application; includeInIndex = 0; path = HN_Pra19_IOS_Movie_App.app; sourceTree = BUILT_PRODUCTS_DIR; };
		332EC4DC2C5011E200B46ACC /* Base */ = {isa = PBXFileReference; lastKnownFileType = file.storyboard; name = Base; path = Base.lproj/Main.storyboard; sourceTree = "<group>"; };
		332EC4DE2C5011E300B46ACC /* Assets.xcassets */ = {isa = PBXFileReference; lastKnownFileType = folder.assetcatalog; path = Assets.xcassets; sourceTree = "<group>"; };
		332EC4E12C5011E300B46ACC /* Base */ = {isa = PBXFileReference; lastKnownFileType = file.storyboard; name = Base; path = Base.lproj/LaunchScreen.storyboard; sourceTree = "<group>"; };
		332EC4E32C5011E300B46ACC /* Info.plist */ = {isa = PBXFileReference; lastKnownFileType = text.plist.xml; path = Info.plist; sourceTree = "<group>"; };
		332EC4EA2C50124000B46ACC /* AdventPro-Bold.ttf */ = {isa = PBXFileReference; lastKnownFileType = file; path = "AdventPro-Bold.ttf"; sourceTree = "<group>"; };
		332EC4EB2C50124000B46ACC /* AdventPro-SemiBold.ttf */ = {isa = PBXFileReference; lastKnownFileType = file; path = "AdventPro-SemiBold.ttf"; sourceTree = "<group>"; };
		332EC4EC2C50124000B46ACC /* AdventPro-Medium.ttf */ = {isa = PBXFileReference; lastKnownFileType = file; path = "AdventPro-Medium.ttf"; sourceTree = "<group>"; };
		332EC4ED2C50124000B46ACC /* AdventPro-Regular.ttf */ = {isa = PBXFileReference; lastKnownFileType = file; path = "AdventPro-Regular.ttf"; sourceTree = "<group>"; };
		332EC4EF2C50124000B46ACC /* AppDelegate.swift */ = {isa = PBXFileReference; fileEncoding = 4; lastKnownFileType = sourcecode.swift; path = AppDelegate.swift; sourceTree = "<group>"; };
		332EC4F02C50124000B46ACC /* SceneDelegate.swift */ = {isa = PBXFileReference; fileEncoding = 4; lastKnownFileType = sourcecode.swift; path = SceneDelegate.swift; sourceTree = "<group>"; };
		332EC4F22C50124000B46ACC /* Constants.swift */ = {isa = PBXFileReference; fileEncoding = 4; lastKnownFileType = sourcecode.swift; path = Constants.swift; sourceTree = "<group>"; };
		332EC4F32C50124000B46ACC /* NibLoadableView.swift */ = {isa = PBXFileReference; fileEncoding = 4; lastKnownFileType = sourcecode.swift; path = NibLoadableView.swift; sourceTree = "<group>"; };
		332EC4F52C50124000B46ACC /* UIViewExtension.swift */ = {isa = PBXFileReference; fileEncoding = 4; lastKnownFileType = sourcecode.swift; path = UIViewExtension.swift; sourceTree = "<group>"; };
		332EC4F62C50124000B46ACC /* Extensions.swift */ = {isa = PBXFileReference; fileEncoding = 4; lastKnownFileType = sourcecode.swift; path = Extensions.swift; sourceTree = "<group>"; };
		332EC4F72C50124000B46ACC /* UserDefaults.swift */ = {isa = PBXFileReference; fileEncoding = 4; lastKnownFileType = sourcecode.swift; path = UserDefaults.swift; sourceTree = "<group>"; };
		332EC4F82C50124000B46ACC /* UIFontExtension.swift */ = {isa = PBXFileReference; fileEncoding = 4; lastKnownFileType = sourcecode.swift; path = UIFontExtension.swift; sourceTree = "<group>"; };
		332EC4F92C50124000B46ACC /* Utils.swift */ = {isa = PBXFileReference; fileEncoding = 4; lastKnownFileType = sourcecode.swift; path = Utils.swift; sourceTree = "<group>"; };
		332EC4FA2C50124000B46ACC /* GlobalFunctions.swift */ = {isa = PBXFileReference; fileEncoding = 4; lastKnownFileType = sourcecode.swift; path = GlobalFunctions.swift; sourceTree = "<group>"; };
		332EC4FC2C50124000B46ACC /* ToastView.swift */ = {isa = PBXFileReference; fileEncoding = 4; lastKnownFileType = sourcecode.swift; path = ToastView.swift; sourceTree = "<group>"; };
		332F94ED2C60ADDC00CA68AB /* ShadowImageView.swift */ = {isa = PBXFileReference; lastKnownFileType = sourcecode.swift; path = ShadowImageView.swift; sourceTree = "<group>"; };
		336174942C5CBAB800AFC7E0 /* ActorDetailViewController.swift */ = {isa = PBXFileReference; fileEncoding = 4; lastKnownFileType = sourcecode.swift; path = ActorDetailViewController.swift; sourceTree = "<group>"; };
		336174952C5CBAB800AFC7E0 /* ActorDetailViewController.xib */ = {isa = PBXFileReference; fileEncoding = 4; lastKnownFileType = file.xib; path = ActorDetailViewController.xib; sourceTree = "<group>"; };
		336174992C5CBADD00AFC7E0 /* ActorDetailInfoItemCell.swift */ = {isa = PBXFileReference; fileEncoding = 4; lastKnownFileType = sourcecode.swift; path = ActorDetailInfoItemCell.swift; sourceTree = "<group>"; };
		3361749A2C5CBADD00AFC7E0 /* ActorDetailInfoItemCell.xib */ = {isa = PBXFileReference; fileEncoding = 4; lastKnownFileType = file.xib; path = ActorDetailInfoItemCell.xib; sourceTree = "<group>"; };
		3361749E2C5CEE6900AFC7E0 /* PlayTraillerViewController.swift */ = {isa = PBXFileReference; fileEncoding = 4; lastKnownFileType = sourcecode.swift; path = PlayTraillerViewController.swift; sourceTree = "<group>"; };
		3361749F2C5CEE6900AFC7E0 /* PlayTraillerViewController.xib */ = {isa = PBXFileReference; fileEncoding = 4; lastKnownFileType = file.xib; path = PlayTraillerViewController.xib; sourceTree = "<group>"; };
		3361D6E12C50D4DF002E3923 /* CustomNavigationViewController.swift */ = {isa = PBXFileReference; fileEncoding = 4; lastKnownFileType = sourcecode.swift; path = CustomNavigationViewController.swift; sourceTree = "<group>"; };
		337447992C53A26300D01D1D /* APIService.swift */ = {isa = PBXFileReference; fileEncoding = 4; lastKnownFileType = sourcecode.swift; path = APIService.swift; sourceTree = "<group>"; };
		3374479B2C53A26F00D01D1D /* SearchResultModel.swift */ = {isa = PBXFileReference; fileEncoding = 4; lastKnownFileType = sourcecode.swift; path = SearchResultModel.swift; sourceTree = "<group>"; };
		3374479C2C53A27000D01D1D /* VideoTrailerModel.swift */ = {isa = PBXFileReference; fileEncoding = 4; lastKnownFileType = sourcecode.swift; path = VideoTrailerModel.swift; sourceTree = "<group>"; };
		3374479D2C53A27000D01D1D /* MoviesModel.swift */ = {isa = PBXFileReference; fileEncoding = 4; lastKnownFileType = sourcecode.swift; path = MoviesModel.swift; sourceTree = "<group>"; };
		3374479E2C53A27000D01D1D /* CreditModel.swift */ = {isa = PBXFileReference; fileEncoding = 4; lastKnownFileType = sourcecode.swift; path = CreditModel.swift; sourceTree = "<group>"; };
		3374479F2C53A27000D01D1D /* ActorResultModel.swift */ = {isa = PBXFileReference; fileEncoding = 4; lastKnownFileType = sourcecode.swift; path = ActorResultModel.swift; sourceTree = "<group>"; };
		337447A02C53A27000D01D1D /* ImagesModel.swift */ = {isa = PBXFileReference; fileEncoding = 4; lastKnownFileType = sourcecode.swift; path = ImagesModel.swift; sourceTree = "<group>"; };
		3387D0262C577F8300C96B7D /* CastModel.swift */ = {isa = PBXFileReference; lastKnownFileType = sourcecode.swift; path = CastModel.swift; sourceTree = "<group>"; };
		3387D0282C577FAD00C96B7D /* SearchModel.swift */ = {isa = PBXFileReference; lastKnownFileType = sourcecode.swift; path = SearchModel.swift; sourceTree = "<group>"; };
		3387D02A2C577FCA00C96B7D /* CombinedCreditModel.swift */ = {isa = PBXFileReference; lastKnownFileType = sourcecode.swift; path = CombinedCreditModel.swift; sourceTree = "<group>"; };
		3387D02C2C577FED00C96B7D /* BackdropModel.swift */ = {isa = PBXFileReference; lastKnownFileType = sourcecode.swift; path = BackdropModel.swift; sourceTree = "<group>"; };
		3387D02E2C5780BF00C96B7D /* Config.xcconfig */ = {isa = PBXFileReference; lastKnownFileType = text.xcconfig; path = Config.xcconfig; sourceTree = "<group>"; };
		3387D02F2C5781D500C96B7D /* Enviroment.swift */ = {isa = PBXFileReference; lastKnownFileType = sourcecode.swift; path = Enviroment.swift; sourceTree = "<group>"; };
		3387D0312C57837A00C96B7D /* ActorModel.swift */ = {isa = PBXFileReference; lastKnownFileType = sourcecode.swift; path = ActorModel.swift; sourceTree = "<group>"; };
		3387D0332C57839300C96B7D /* PeopleKnownForModel.swift */ = {isa = PBXFileReference; lastKnownFileType = sourcecode.swift; path = PeopleKnownForModel.swift; sourceTree = "<group>"; };
		3387D0352C5783D400C96B7D /* APIPath.swift */ = {isa = PBXFileReference; lastKnownFileType = sourcecode.swift; path = APIPath.swift; sourceTree = "<group>"; };
		3387D0372C57843600C96B7D /* MoviesResult.swift */ = {isa = PBXFileReference; lastKnownFileType = sourcecode.swift; path = MoviesResult.swift; sourceTree = "<group>"; };
		3387D0392C57845D00C96B7D /* VideoModel.swift */ = {isa = PBXFileReference; lastKnownFileType = sourcecode.swift; path = VideoModel.swift; sourceTree = "<group>"; };
		3387D03B2C57870E00C96B7D /* BaseViewController.swift */ = {isa = PBXFileReference; fileEncoding = 4; lastKnownFileType = sourcecode.swift; path = BaseViewController.swift; sourceTree = "<group>"; };
		3387D03D2C57874C00C96B7D /* HomeViewController.xib */ = {isa = PBXFileReference; fileEncoding = 4; lastKnownFileType = file.xib; path = HomeViewController.xib; sourceTree = "<group>"; };
		339100032C59EC9C00890CA2 /* ActorItemCell.xib */ = {isa = PBXFileReference; fileEncoding = 4; lastKnownFileType = file.xib; path = ActorItemCell.xib; sourceTree = "<group>"; };
		339100042C59EC9C00890CA2 /* EmptyItemCell.xib */ = {isa = PBXFileReference; fileEncoding = 4; lastKnownFileType = file.xib; path = EmptyItemCell.xib; sourceTree = "<group>"; };
		339100052C59EC9C00890CA2 /* ActorItemCell.swift */ = {isa = PBXFileReference; fileEncoding = 4; lastKnownFileType = sourcecode.swift; path = ActorItemCell.swift; sourceTree = "<group>"; };
		339100062C59EC9C00890CA2 /* EmptyItemCell.swift */ = {isa = PBXFileReference; fileEncoding = 4; lastKnownFileType = sourcecode.swift; path = EmptyItemCell.swift; sourceTree = "<group>"; };
		339100072C59EC9C00890CA2 /* MovieDetailInfoItemCell.xib */ = {isa = PBXFileReference; fileEncoding = 4; lastKnownFileType = file.xib; path = MovieDetailInfoItemCell.xib; sourceTree = "<group>"; };
		339100082C59EC9C00890CA2 /* PhotoItemCell.swift */ = {isa = PBXFileReference; fileEncoding = 4; lastKnownFileType = sourcecode.swift; path = PhotoItemCell.swift; sourceTree = "<group>"; };
		339100092C59EC9C00890CA2 /* PhotoItemCell.xib */ = {isa = PBXFileReference; fileEncoding = 4; lastKnownFileType = file.xib; path = PhotoItemCell.xib; sourceTree = "<group>"; };
		3391000A2C59EC9C00890CA2 /* MovieDetailHeaderView.xib */ = {isa = PBXFileReference; fileEncoding = 4; lastKnownFileType = file.xib; path = MovieDetailHeaderView.xib; sourceTree = "<group>"; };
		3391000B2C59EC9C00890CA2 /* MovieDetailInfoItemCell.swift */ = {isa = PBXFileReference; fileEncoding = 4; lastKnownFileType = sourcecode.swift; path = MovieDetailInfoItemCell.swift; sourceTree = "<group>"; };
		3391000C2C59EC9C00890CA2 /* MovieDetailHeaderView.swift */ = {isa = PBXFileReference; fileEncoding = 4; lastKnownFileType = sourcecode.swift; path = MovieDetailHeaderView.swift; sourceTree = "<group>"; };
		3391FFF42C59E46400890CA2 /* SearchViewController.swift */ = {isa = PBXFileReference; fileEncoding = 4; lastKnownFileType = sourcecode.swift; path = SearchViewController.swift; sourceTree = "<group>"; };
		3391FFF52C59E46400890CA2 /* SearchViewController.xib */ = {isa = PBXFileReference; fileEncoding = 4; lastKnownFileType = file.xib; path = SearchViewController.xib; sourceTree = "<group>"; };
		3391FFF92C59E47B00890CA2 /* SearchItemCell.xib */ = {isa = PBXFileReference; fileEncoding = 4; lastKnownFileType = file.xib; path = SearchItemCell.xib; sourceTree = "<group>"; };
		3391FFFA2C59E47B00890CA2 /* SearchItemCell.swift */ = {isa = PBXFileReference; fileEncoding = 4; lastKnownFileType = sourcecode.swift; path = SearchItemCell.swift; sourceTree = "<group>"; };
		3391FFFE2C59EC4600890CA2 /* MovieDetailViewController.swift */ = {isa = PBXFileReference; fileEncoding = 4; lastKnownFileType = sourcecode.swift; path = MovieDetailViewController.swift; sourceTree = "<group>"; };
		3391FFFF2C59EC4600890CA2 /* MovieDetailViewController.xib */ = {isa = PBXFileReference; fileEncoding = 4; lastKnownFileType = file.xib; path = MovieDetailViewController.xib; sourceTree = "<group>"; };
		33A663542C5272B300A6AAC6 /* KVCircleSubMenuButton.swift */ = {isa = PBXFileReference; fileEncoding = 4; lastKnownFileType = sourcecode.swift; path = KVCircleSubMenuButton.swift; sourceTree = "<group>"; };
		33A663552C5272B300A6AAC6 /* KVCircleMenuButton.swift */ = {isa = PBXFileReference; fileEncoding = 4; lastKnownFileType = sourcecode.swift; path = KVCircleMenuButton.swift; sourceTree = "<group>"; };
		33A663562C5272B300A6AAC6 /* KVCircleHomeMenuButton.swift */ = {isa = PBXFileReference; fileEncoding = 4; lastKnownFileType = sourcecode.swift; path = KVCircleHomeMenuButton.swift; sourceTree = "<group>"; };
		33A663572C5272B300A6AAC6 /* KVCircleMenuAnimator.swift */ = {isa = PBXFileReference; fileEncoding = 4; lastKnownFileType = sourcecode.swift; path = KVCircleMenuAnimator.swift; sourceTree = "<group>"; };
		33A6635C2C5272E000A6AAC6 /* HomeViewController.swift */ = {isa = PBXFileReference; lastKnownFileType = sourcecode.swift; path = HomeViewController.swift; sourceTree = "<group>"; };
		33A663602C5272F100A6AAC6 /* ActorViewController.swift */ = {isa = PBXFileReference; lastKnownFileType = sourcecode.swift; path = ActorViewController.swift; sourceTree = "<group>"; };
		33A663612C5272F100A6AAC6 /* ActorViewController.xib */ = {isa = PBXFileReference; lastKnownFileType = file.xib; path = ActorViewController.xib; sourceTree = "<group>"; };
		33A663642C5272FD00A6AAC6 /* StaticsViewController.swift */ = {isa = PBXFileReference; lastKnownFileType = sourcecode.swift; path = StaticsViewController.swift; sourceTree = "<group>"; };
		33A663652C5272FD00A6AAC6 /* StaticsViewController.xib */ = {isa = PBXFileReference; lastKnownFileType = file.xib; path = StaticsViewController.xib; sourceTree = "<group>"; };
		33AED5A82C578A52005EEB39 /* HomeItemCell.xib */ = {isa = PBXFileReference; fileEncoding = 4; lastKnownFileType = file.xib; path = HomeItemCell.xib; sourceTree = "<group>"; };
		33AED5A92C578A52005EEB39 /* HomeItemCell.swift */ = {isa = PBXFileReference; fileEncoding = 4; lastKnownFileType = sourcecode.swift; path = HomeItemCell.swift; sourceTree = "<group>"; };
		33BD24AF2C5E721100AA2E94 /* PieChartView.swift */ = {isa = PBXFileReference; fileEncoding = 4; lastKnownFileType = sourcecode.swift; path = PieChartView.swift; sourceTree = "<group>"; };
		33BD24B32C5E724100AA2E94 /* EmptyTableViewCell.xib */ = {isa = PBXFileReference; fileEncoding = 4; lastKnownFileType = file.xib; path = EmptyTableViewCell.xib; sourceTree = "<group>"; };
		33BD24B42C5E724100AA2E94 /* EmptyTableViewCell.swift */ = {isa = PBXFileReference; fileEncoding = 4; lastKnownFileType = sourcecode.swift; path = EmptyTableViewCell.swift; sourceTree = "<group>"; };
		33BD24B72C5FF32F00AA2E94 /* CoreDataUtils.swift */ = {isa = PBXFileReference; lastKnownFileType = sourcecode.swift; path = CoreDataUtils.swift; sourceTree = "<group>"; };
		33BD24BD2C5FF69200AA2E94 /* CoreDataStatistics.swift */ = {isa = PBXFileReference; lastKnownFileType = sourcecode.swift; path = CoreDataStatistics.swift; sourceTree = "<group>"; };
		33DF09B22C58F3F4009D323B /* ToastEnum.swift */ = {isa = PBXFileReference; lastKnownFileType = sourcecode.swift; path = ToastEnum.swift; sourceTree = "<group>"; };
		33DF09B42C58FD48009D323B /* ActivityIndicatorUtility.swift */ = {isa = PBXFileReference; lastKnownFileType = sourcecode.swift; path = ActivityIndicatorUtility.swift; sourceTree = "<group>"; };
		33DF09B62C58FE13009D323B /* ImageCacheManager.swift */ = {isa = PBXFileReference; lastKnownFileType = sourcecode.swift; path = ImageCacheManager.swift; sourceTree = "<group>"; };
		33F04CBD2C60017F007C4BFD /* DB.xcdatamodel */ = {isa = PBXFileReference; lastKnownFileType = wrapper.xcdatamodel; path = DB.xcdatamodel; sourceTree = "<group>"; };
		47F2C9806B1082D5CA4D6B79 /* Pods-HN_Pra19_IOS_Movie_App.release.xcconfig */ = {isa = PBXFileReference; includeInIndex = 1; lastKnownFileType = text.xcconfig; name = "Pods-HN_Pra19_IOS_Movie_App.release.xcconfig"; path = "Target Support Files/Pods-HN_Pra19_IOS_Movie_App/Pods-HN_Pra19_IOS_Movie_App.release.xcconfig"; sourceTree = "<group>"; };
		B35DED75A3791F2F55229CCF /* Pods_HN_Pra19_IOS_Movie_App.framework */ = {isa = PBXFileReference; explicitFileType = wrapper.framework; includeInIndex = 0; path = Pods_HN_Pra19_IOS_Movie_App.framework; sourceTree = BUILT_PRODUCTS_DIR; };
		D2EA4C61F54FFCA2C1FC09B6 /* Pods-HN_Pra19_IOS_Movie_App.debug.xcconfig */ = {isa = PBXFileReference; includeInIndex = 1; lastKnownFileType = text.xcconfig; name = "Pods-HN_Pra19_IOS_Movie_App.debug.xcconfig"; path = "Target Support Files/Pods-HN_Pra19_IOS_Movie_App/Pods-HN_Pra19_IOS_Movie_App.debug.xcconfig"; sourceTree = "<group>"; };
/* End PBXFileReference section */

/* Begin PBXFrameworksBuildPhase section */
		332EC4CF2C5011E200B46ACC /* Frameworks */ = {
			isa = PBXFrameworksBuildPhase;
			buildActionMask = 2147483647;
			files = (
				17A917C04319BB4EA99FBCB7 /* Pods_HN_Pra19_IOS_Movie_App.framework in Frameworks */,
			);
			runOnlyForDeploymentPostprocessing = 0;
		};
/* End PBXFrameworksBuildPhase section */

/* Begin PBXGroup section */
		332EC4C92C5011E200B46ACC = {
			isa = PBXGroup;
			children = (
				332EC4D42C5011E200B46ACC /* HN_Pra19_IOS_Movie_App */,
				332EC4D32C5011E200B46ACC /* Products */,
				97CF435E5298955E312C30C9 /* Pods */,
				8A55D41AF038A3D929DC4E08 /* Frameworks */,
			);
			sourceTree = "<group>";
		};
		332EC4D32C5011E200B46ACC /* Products */ = {
			isa = PBXGroup;
			children = (
				332EC4D22C5011E200B46ACC /* HN_Pra19_IOS_Movie_App.app */,
			);
			name = Products;
			sourceTree = "<group>";
		};
		332EC4D42C5011E200B46ACC /* HN_Pra19_IOS_Movie_App */ = {
			isa = PBXGroup;
			children = (
				33BD24B92C5FF44F00AA2E94 /* CoreData */,
				332EC4EE2C50124000B46ACC /* Apps */,
				332EC4DE2C5011E300B46ACC /* Assets.xcassets */,
				3387D02E2C5780BF00C96B7D /* Config.xcconfig */,
				332EC4E32C5011E300B46ACC /* Info.plist */,
				332EC4E02C5011E300B46ACC /* LaunchScreen.storyboard */,
				332EC4DB2C5011E200B46ACC /* Main.storyboard */,
				337447982C53A25B00D01D1D /* Model */,
				332EC4E92C50124000B46ACC /* Resource */,
				337447972C53A25500D01D1D /* Service */,
				332EC4F12C50124000B46ACC /* Utils */,
				3361D6E02C50D4C9002E3923 /* View */,
			);
			path = HN_Pra19_IOS_Movie_App;
			sourceTree = "<group>";
		};
		332EC4E92C50124000B46ACC /* Resource */ = {
			isa = PBXGroup;
			children = (
				332EC4EA2C50124000B46ACC /* AdventPro-Bold.ttf */,
				332EC4EB2C50124000B46ACC /* AdventPro-SemiBold.ttf */,
				332EC4EC2C50124000B46ACC /* AdventPro-Medium.ttf */,
				332EC4ED2C50124000B46ACC /* AdventPro-Regular.ttf */,
			);
			path = Resource;
			sourceTree = "<group>";
		};
		332EC4EE2C50124000B46ACC /* Apps */ = {
			isa = PBXGroup;
			children = (
				332EC4EF2C50124000B46ACC /* AppDelegate.swift */,
				332EC4F02C50124000B46ACC /* SceneDelegate.swift */,
			);
			path = Apps;
			sourceTree = "<group>";
		};
		332EC4F12C50124000B46ACC /* Utils */ = {
			isa = PBXGroup;
			children = (
				33BD24B12C5E721500AA2E94 /* CommonView */,
				33DF09B12C58F3EB009D323B /* Enums */,
				332EC4F22C50124000B46ACC /* Constants.swift */,
				332EC4F32C50124000B46ACC /* NibLoadableView.swift */,
				332EC4F52C50124000B46ACC /* UIViewExtension.swift */,
				332EC4F62C50124000B46ACC /* Extensions.swift */,
				332EC4F72C50124000B46ACC /* UserDefaults.swift */,
				332EC4F82C50124000B46ACC /* UIFontExtension.swift */,
				332EC4F92C50124000B46ACC /* Utils.swift */,
				332EC4FA2C50124000B46ACC /* GlobalFunctions.swift */,
				3387D02F2C5781D500C96B7D /* Enviroment.swift */,
				33DF09B42C58FD48009D323B /* ActivityIndicatorUtility.swift */,
				33DF09B62C58FE13009D323B /* ImageCacheManager.swift */,
			);
			path = Utils;
			sourceTree = "<group>";
		};
		336174932C5CBA9100AFC7E0 /* ActorDetail */ = {
			isa = PBXGroup;
			children = (
				336174982C5CBAD400AFC7E0 /* Cell */,
				336174942C5CBAB800AFC7E0 /* ActorDetailViewController.swift */,
				336174952C5CBAB800AFC7E0 /* ActorDetailViewController.xib */,
			);
			path = ActorDetail;
			sourceTree = "<group>";
		};
		336174982C5CBAD400AFC7E0 /* Cell */ = {
			isa = PBXGroup;
			children = (
				336174992C5CBADD00AFC7E0 /* ActorDetailInfoItemCell.swift */,
				3361749A2C5CBADD00AFC7E0 /* ActorDetailInfoItemCell.xib */,
			);
			path = Cell;
			sourceTree = "<group>";
		};
		3361749D2C5CEE5A00AFC7E0 /* PreviewTrailer */ = {
			isa = PBXGroup;
			children = (
				3361749E2C5CEE6900AFC7E0 /* PlayTraillerViewController.swift */,
				3361749F2C5CEE6900AFC7E0 /* PlayTraillerViewController.xib */,
			);
			path = PreviewTrailer;
			sourceTree = "<group>";
		};
		3361D6E02C50D4C9002E3923 /* View */ = {
			isa = PBXGroup;
			children = (
				336174932C5CBA9100AFC7E0 /* ActorDetail */,
				33AED5A52C5789E0005EEB39 /* Base */,
				33AED5A62C5789EB005EEB39 /* Home */,
				33AED5AC2C578A86005EEB39 /* Actor */,
				33AED5AD2C578A8E005EEB39 /* Statistics */,
				3391FFF32C59E44E00890CA2 /* Search */,
				3391FFFD2C59EC3400890CA2 /* MovieDetail */,
				3361749D2C5CEE5A00AFC7E0 /* PreviewTrailer */,
			);
			path = View;
			sourceTree = "<group>";
		};
		337447972C53A25500D01D1D /* Service */ = {
			isa = PBXGroup;
			children = (
				337447992C53A26300D01D1D /* APIService.swift */,
				3387D0352C5783D400C96B7D /* APIPath.swift */,
			);
			path = Service;
			sourceTree = "<group>";
		};
		337447982C53A25B00D01D1D /* Model */ = {
			isa = PBXGroup;
			children = (
				3387D0262C577F8300C96B7D /* CastModel.swift */,
				3387D02A2C577FCA00C96B7D /* CombinedCreditModel.swift */,
				3374479E2C53A27000D01D1D /* CreditModel.swift */,
				337447A02C53A27000D01D1D /* ImagesModel.swift */,
				3374479D2C53A27000D01D1D /* MoviesModel.swift */,
				3374479F2C53A27000D01D1D /* ActorResultModel.swift */,
				3387D0282C577FAD00C96B7D /* SearchModel.swift */,
				3374479B2C53A26F00D01D1D /* SearchResultModel.swift */,
				3374479C2C53A27000D01D1D /* VideoTrailerModel.swift */,
				3387D02C2C577FED00C96B7D /* BackdropModel.swift */,
				3387D0312C57837A00C96B7D /* ActorModel.swift */,
				3387D0332C57839300C96B7D /* PeopleKnownForModel.swift */,
				3387D0372C57843600C96B7D /* MoviesResult.swift */,
				3387D0392C57845D00C96B7D /* VideoModel.swift */,
			);
			path = Model;
			sourceTree = "<group>";
		};
		339100022C59EC8C00890CA2 /* Cell */ = {
			isa = PBXGroup;
			children = (
				339100052C59EC9C00890CA2 /* ActorItemCell.swift */,
				339100032C59EC9C00890CA2 /* ActorItemCell.xib */,
				339100062C59EC9C00890CA2 /* EmptyItemCell.swift */,
				339100042C59EC9C00890CA2 /* EmptyItemCell.xib */,
				3391000C2C59EC9C00890CA2 /* MovieDetailHeaderView.swift */,
				3391000A2C59EC9C00890CA2 /* MovieDetailHeaderView.xib */,
				3391000B2C59EC9C00890CA2 /* MovieDetailInfoItemCell.swift */,
				339100072C59EC9C00890CA2 /* MovieDetailInfoItemCell.xib */,
				339100082C59EC9C00890CA2 /* PhotoItemCell.swift */,
				339100092C59EC9C00890CA2 /* PhotoItemCell.xib */,
			);
			path = Cell;
			sourceTree = "<group>";
		};
		3391FFF32C59E44E00890CA2 /* Search */ = {
			isa = PBXGroup;
			children = (
				3391FFF82C59E47100890CA2 /* Cell */,
				3391FFF42C59E46400890CA2 /* SearchViewController.swift */,
				3391FFF52C59E46400890CA2 /* SearchViewController.xib */,
			);
			path = Search;
			sourceTree = "<group>";
		};
		3391FFF82C59E47100890CA2 /* Cell */ = {
			isa = PBXGroup;
			children = (
				3391FFFA2C59E47B00890CA2 /* SearchItemCell.swift */,
				3391FFF92C59E47B00890CA2 /* SearchItemCell.xib */,
			);
			path = Cell;
			sourceTree = "<group>";
		};
		3391FFFD2C59EC3400890CA2 /* MovieDetail */ = {
			isa = PBXGroup;
			children = (
				339100022C59EC8C00890CA2 /* Cell */,
				3391FFFE2C59EC4600890CA2 /* MovieDetailViewController.swift */,
				3391FFFF2C59EC4600890CA2 /* MovieDetailViewController.xib */,
			);
			path = MovieDetail;
			sourceTree = "<group>";
		};
		33A663532C5272B300A6AAC6 /* KVCircleMenu */ = {
			isa = PBXGroup;
			children = (
				33A663542C5272B300A6AAC6 /* KVCircleSubMenuButton.swift */,
				33A663552C5272B300A6AAC6 /* KVCircleMenuButton.swift */,
				33A663562C5272B300A6AAC6 /* KVCircleHomeMenuButton.swift */,
				33A663572C5272B300A6AAC6 /* KVCircleMenuAnimator.swift */,
			);
			path = KVCircleMenu;
			sourceTree = "<group>";
		};
		33AED5A52C5789E0005EEB39 /* Base */ = {
			isa = PBXGroup;
			children = (
				3387D03B2C57870E00C96B7D /* BaseViewController.swift */,
				3361D6E12C50D4DF002E3923 /* CustomNavigationViewController.swift */,
			);
			path = Base;
			sourceTree = "<group>";
		};
		33AED5A62C5789EB005EEB39 /* Home */ = {
			isa = PBXGroup;
			children = (
				33AED5A72C578A12005EEB39 /* Cell */,
				33A6635C2C5272E000A6AAC6 /* HomeViewController.swift */,
				3387D03D2C57874C00C96B7D /* HomeViewController.xib */,
			);
			path = Home;
			sourceTree = "<group>";
		};
		33AED5A72C578A12005EEB39 /* Cell */ = {
			isa = PBXGroup;
			children = (
				33AED5A92C578A52005EEB39 /* HomeItemCell.swift */,
				33AED5A82C578A52005EEB39 /* HomeItemCell.xib */,
			);
			path = Cell;
			sourceTree = "<group>";
		};
		33AED5AC2C578A86005EEB39 /* Actor */ = {
			isa = PBXGroup;
			children = (
				33A663602C5272F100A6AAC6 /* ActorViewController.swift */,
				33A663612C5272F100A6AAC6 /* ActorViewController.xib */,
			);
			path = Actor;
			sourceTree = "<group>";
		};
		33AED5AD2C578A8E005EEB39 /* Statistics */ = {
			isa = PBXGroup;
			children = (
				33BD24B22C5E723900AA2E94 /* Cell */,
				33A663642C5272FD00A6AAC6 /* StaticsViewController.swift */,
				33A663652C5272FD00A6AAC6 /* StaticsViewController.xib */,
			);
			path = Statistics;
			sourceTree = "<group>";
		};
		33BD24B12C5E721500AA2E94 /* CommonView */ = {
			isa = PBXGroup;
			children = (
				33A663532C5272B300A6AAC6 /* KVCircleMenu */,
				332EC4FC2C50124000B46ACC /* ToastView.swift */,
				33BD24AF2C5E721100AA2E94 /* PieChartView.swift */,
				332F94ED2C60ADDC00CA68AB /* ShadowImageView.swift */,
			);
			path = CommonView;
			sourceTree = "<group>";
		};
		33BD24B22C5E723900AA2E94 /* Cell */ = {
			isa = PBXGroup;
			children = (
				33BD24B42C5E724100AA2E94 /* EmptyTableViewCell.swift */,
				33BD24B32C5E724100AA2E94 /* EmptyTableViewCell.xib */,
			);
			path = Cell;
			sourceTree = "<group>";
		};
		33BD24B92C5FF44F00AA2E94 /* CoreData */ = {
			isa = PBXGroup;
			children = (
				33BD24B72C5FF32F00AA2E94 /* CoreDataUtils.swift */,
				33BD24BD2C5FF69200AA2E94 /* CoreDataStatistics.swift */,
				33F04CBC2C60017F007C4BFD /* DB.xcdatamodeld */,
			);
			path = CoreData;
			sourceTree = "<group>";
		};
		33DF09B12C58F3EB009D323B /* Enums */ = {
			isa = PBXGroup;
			children = (
				33DF09B22C58F3F4009D323B /* ToastEnum.swift */,
			);
			path = Enums;
			sourceTree = "<group>";
		};
		8A55D41AF038A3D929DC4E08 /* Frameworks */ = {
			isa = PBXGroup;
			children = (
				B35DED75A3791F2F55229CCF /* Pods_HN_Pra19_IOS_Movie_App.framework */,
			);
			name = Frameworks;
			sourceTree = "<group>";
		};
		97CF435E5298955E312C30C9 /* Pods */ = {
			isa = PBXGroup;
			children = (
				D2EA4C61F54FFCA2C1FC09B6 /* Pods-HN_Pra19_IOS_Movie_App.debug.xcconfig */,
				47F2C9806B1082D5CA4D6B79 /* Pods-HN_Pra19_IOS_Movie_App.release.xcconfig */,
			);
			path = Pods;
			sourceTree = "<group>";
		};
/* End PBXGroup section */

/* Begin PBXNativeTarget section */
		332EC4D12C5011E200B46ACC /* HN_Pra19_IOS_Movie_App */ = {
			isa = PBXNativeTarget;
			buildConfigurationList = 332EC4E62C5011E300B46ACC /* Build configuration list for PBXNativeTarget "HN_Pra19_IOS_Movie_App" */;
			buildPhases = (
				1593EEFEFB8C419DFD676FD5 /* [CP] Check Pods Manifest.lock */,
				332EC4CE2C5011E200B46ACC /* Sources */,
				332EC4CF2C5011E200B46ACC /* Frameworks */,
				332EC4D02C5011E200B46ACC /* Resources */,
			);
			buildRules = (
			);
			dependencies = (
			);
			name = HN_Pra19_IOS_Movie_App;
			productName = HN_Pra19_IOS_Movie_App;
			productReference = 332EC4D22C5011E200B46ACC /* HN_Pra19_IOS_Movie_App.app */;
			productType = "com.apple.product-type.application";
		};
/* End PBXNativeTarget section */

/* Begin PBXProject section */
		332EC4CA2C5011E200B46ACC /* Project object */ = {
			isa = PBXProject;
			attributes = {
				BuildIndependentTargetsInParallel = 1;
				LastSwiftUpdateCheck = 1520;
				LastUpgradeCheck = 1520;
				TargetAttributes = {
					332EC4D12C5011E200B46ACC = {
						CreatedOnToolsVersion = 15.2;
					};
				};
			};
			buildConfigurationList = 332EC4CD2C5011E200B46ACC /* Build configuration list for PBXProject "HN_Pra19_IOS_Movie_App" */;
			compatibilityVersion = "Xcode 14.0";
			developmentRegion = en;
			hasScannedForEncodings = 0;
			knownRegions = (
				en,
				Base,
			);
			mainGroup = 332EC4C92C5011E200B46ACC;
			productRefGroup = 332EC4D32C5011E200B46ACC /* Products */;
			projectDirPath = "";
			projectRoot = "";
			targets = (
				332EC4D12C5011E200B46ACC /* HN_Pra19_IOS_Movie_App */,
			);
		};
/* End PBXProject section */

/* Begin PBXResourcesBuildPhase section */
		332EC4D02C5011E200B46ACC /* Resources */ = {
			isa = PBXResourcesBuildPhase;
			buildActionMask = 2147483647;
			files = (
				33BD24B52C5E724100AA2E94 /* EmptyTableViewCell.xib in Resources */,
				3391000E2C59EC9C00890CA2 /* EmptyItemCell.xib in Resources */,
				339100012C59EC4600890CA2 /* MovieDetailViewController.xib in Resources */,
				33A663672C5272FD00A6AAC6 /* StaticsViewController.xib in Resources */,
				336174A12C5CEE6900AFC7E0 /* PlayTraillerViewController.xib in Resources */,
				339100142C59EC9C00890CA2 /* MovieDetailHeaderView.xib in Resources */,
				332EC4E22C5011E300B46ACC /* LaunchScreen.storyboard in Resources */,
				3391FFF72C59E46400890CA2 /* SearchViewController.xib in Resources */,
				332EC4FF2C50124000B46ACC /* AdventPro-Medium.ttf in Resources */,
				339100112C59EC9C00890CA2 /* MovieDetailInfoItemCell.xib in Resources */,
				33AED5AA2C578A52005EEB39 /* HomeItemCell.xib in Resources */,
				336174972C5CBAB800AFC7E0 /* ActorDetailViewController.xib in Resources */,
				3391000D2C59EC9C00890CA2 /* ActorItemCell.xib in Resources */,
				332EC4DF2C5011E300B46ACC /* Assets.xcassets in Resources */,
				3361749C2C5CBADD00AFC7E0 /* ActorDetailInfoItemCell.xib in Resources */,
				33A663632C5272F100A6AAC6 /* ActorViewController.xib in Resources */,
				332EC4DD2C5011E200B46ACC /* Main.storyboard in Resources */,
				3391FFFB2C59E47B00890CA2 /* SearchItemCell.xib in Resources */,
				332EC5002C50124000B46ACC /* AdventPro-Regular.ttf in Resources */,
				3387D03E2C57874C00C96B7D /* HomeViewController.xib in Resources */,
				339100132C59EC9C00890CA2 /* PhotoItemCell.xib in Resources */,
				332EC4FD2C50124000B46ACC /* AdventPro-Bold.ttf in Resources */,
				332EC4FE2C50124000B46ACC /* AdventPro-SemiBold.ttf in Resources */,
			);
			runOnlyForDeploymentPostprocessing = 0;
		};
/* End PBXResourcesBuildPhase section */

/* Begin PBXShellScriptBuildPhase section */
		1593EEFEFB8C419DFD676FD5 /* [CP] Check Pods Manifest.lock */ = {
			isa = PBXShellScriptBuildPhase;
			buildActionMask = 2147483647;
			files = (
			);
			inputFileListPaths = (
			);
			inputPaths = (
				"${PODS_PODFILE_DIR_PATH}/Podfile.lock",
				"${PODS_ROOT}/Manifest.lock",
			);
			name = "[CP] Check Pods Manifest.lock";
			outputFileListPaths = (
			);
			outputPaths = (
				"$(DERIVED_FILE_DIR)/Pods-HN_Pra19_IOS_Movie_App-checkManifestLockResult.txt",
			);
			runOnlyForDeploymentPostprocessing = 0;
			shellPath = /bin/sh;
			shellScript = "diff \"${PODS_PODFILE_DIR_PATH}/Podfile.lock\" \"${PODS_ROOT}/Manifest.lock\" > /dev/null\nif [ $? != 0 ] ; then\n    # print error to STDERR\n    echo \"error: The sandbox is not in sync with the Podfile.lock. Run 'pod install' or update your CocoaPods installation.\" >&2\n    exit 1\nfi\n# This output is used by Xcode 'outputs' to avoid re-running this script phase.\necho \"SUCCESS\" > \"${SCRIPT_OUTPUT_FILE_0}\"\n";
			showEnvVarsInLog = 0;
		};
/* End PBXShellScriptBuildPhase section */

/* Begin PBXSourcesBuildPhase section */
		332EC4CE2C5011E200B46ACC /* Sources */ = {
			isa = PBXSourcesBuildPhase;
			buildActionMask = 2147483647;
			files = (
				337447A52C53A27000D01D1D /* ActorResultModel.swift in Sources */,
				339100122C59EC9C00890CA2 /* PhotoItemCell.swift in Sources */,
				33A663582C5272B300A6AAC6 /* KVCircleSubMenuButton.swift in Sources */,
				332EC5022C50124000B46ACC /* SceneDelegate.swift in Sources */,
				332EC50D2C50124000B46ACC /* ToastView.swift in Sources */,
				33A6635E2C5272E000A6AAC6 /* HomeViewController.swift in Sources */,
				332EC5012C50124000B46ACC /* AppDelegate.swift in Sources */,
				3391000F2C59EC9C00890CA2 /* ActorItemCell.swift in Sources */,
				33A663662C5272FD00A6AAC6 /* StaticsViewController.swift in Sources */,
				3387D02B2C577FCA00C96B7D /* CombinedCreditModel.swift in Sources */,
				3374479A2C53A26300D01D1D /* APIService.swift in Sources */,
				332EC50B2C50124000B46ACC /* GlobalFunctions.swift in Sources */,
				332F94EE2C60ADDC00CA68AB /* ShadowImageView.swift in Sources */,
				337447A42C53A27000D01D1D /* CreditModel.swift in Sources */,
				3387D03C2C57870E00C96B7D /* BaseViewController.swift in Sources */,
				33BD24B82C5FF32F00AA2E94 /* CoreDataUtils.swift in Sources */,
				336174A02C5CEE6900AFC7E0 /* PlayTraillerViewController.swift in Sources */,
				332EC5042C50124000B46ACC /* NibLoadableView.swift in Sources */,
				3387D0292C577FAD00C96B7D /* SearchModel.swift in Sources */,
				33DF09B32C58F3F4009D323B /* ToastEnum.swift in Sources */,
				332EC5082C50124000B46ACC /* UserDefaults.swift in Sources */,
				332EC50A2C50124000B46ACC /* Utils.swift in Sources */,
				33BD24BE2C5FF69200AA2E94 /* CoreDataStatistics.swift in Sources */,
				33A6635B2C5272B300A6AAC6 /* KVCircleMenuAnimator.swift in Sources */,
				3387D0272C577F8300C96B7D /* CastModel.swift in Sources */,
				332EC5072C50124000B46ACC /* Extensions.swift in Sources */,
				339100002C59EC4600890CA2 /* MovieDetailViewController.swift in Sources */,
				336174962C5CBAB800AFC7E0 /* ActorDetailViewController.swift in Sources */,
				3391FFFC2C59E47B00890CA2 /* SearchItemCell.swift in Sources */,
				337447A22C53A27000D01D1D /* VideoTrailerModel.swift in Sources */,
				33A663592C5272B300A6AAC6 /* KVCircleMenuButton.swift in Sources */,
				3387D0342C57839300C96B7D /* PeopleKnownForModel.swift in Sources */,
				33BD24B62C5E724100AA2E94 /* EmptyTableViewCell.swift in Sources */,
				33BD24B02C5E721100AA2E94 /* PieChartView.swift in Sources */,
				33DF09B52C58FD48009D323B /* ActivityIndicatorUtility.swift in Sources */,
				33A663622C5272F100A6AAC6 /* ActorViewController.swift in Sources */,
				3387D0322C57837A00C96B7D /* ActorModel.swift in Sources */,
				3387D02D2C577FED00C96B7D /* BackdropModel.swift in Sources */,
				3361D6E22C50D4DF002E3923 /* CustomNavigationViewController.swift in Sources */,
				332EC5062C50124000B46ACC /* UIViewExtension.swift in Sources */,
				337447A12C53A27000D01D1D /* SearchResultModel.swift in Sources */,
				3387D0382C57843600C96B7D /* MoviesResult.swift in Sources */,
				3387D0362C5783D400C96B7D /* APIPath.swift in Sources */,
				337447A62C53A27000D01D1D /* ImagesModel.swift in Sources */,
				33A6635A2C5272B300A6AAC6 /* KVCircleHomeMenuButton.swift in Sources */,
				33F04CBE2C60017F007C4BFD /* DB.xcdatamodeld in Sources */,
				339100152C59EC9C00890CA2 /* MovieDetailInfoItemCell.swift in Sources */,
				3387D03A2C57845D00C96B7D /* VideoModel.swift in Sources */,
				339100102C59EC9C00890CA2 /* EmptyItemCell.swift in Sources */,
				337447A32C53A27000D01D1D /* MoviesModel.swift in Sources */,
				3391FFF62C59E46400890CA2 /* SearchViewController.swift in Sources */,
				332EC5092C50124000B46ACC /* UIFontExtension.swift in Sources */,
				339100162C59EC9C00890CA2 /* MovieDetailHeaderView.swift in Sources */,
				33AED5AB2C578A52005EEB39 /* HomeItemCell.swift in Sources */,
				33DF09B72C58FE13009D323B /* ImageCacheManager.swift in Sources */,
				3361749B2C5CBADD00AFC7E0 /* ActorDetailInfoItemCell.swift in Sources */,
				3387D0302C5781D500C96B7D /* Enviroment.swift in Sources */,
				332EC5032C50124000B46ACC /* Constants.swift in Sources */,
			);
			runOnlyForDeploymentPostprocessing = 0;
		};
/* End PBXSourcesBuildPhase section */

/* Begin PBXVariantGroup section */
		332EC4DB2C5011E200B46ACC /* Main.storyboard */ = {
			isa = PBXVariantGroup;
			children = (
				332EC4DC2C5011E200B46ACC /* Base */,
			);
			name = Main.storyboard;
			sourceTree = "<group>";
		};
		332EC4E02C5011E300B46ACC /* LaunchScreen.storyboard */ = {
			isa = PBXVariantGroup;
			children = (
				332EC4E12C5011E300B46ACC /* Base */,
			);
			name = LaunchScreen.storyboard;
			sourceTree = "<group>";
		};
/* End PBXVariantGroup section */

/* Begin XCBuildConfiguration section */
		332EC4E42C5011E300B46ACC /* Debug */ = {
			isa = XCBuildConfiguration;
			buildSettings = {
				ALWAYS_SEARCH_USER_PATHS = NO;
				ASSETCATALOG_COMPILER_GENERATE_SWIFT_ASSET_SYMBOL_EXTENSIONS = YES;
				CLANG_ANALYZER_NONNULL = YES;
				CLANG_ANALYZER_NUMBER_OBJECT_CONVERSION = YES_AGGRESSIVE;
				CLANG_CXX_LANGUAGE_STANDARD = "gnu++20";
				CLANG_ENABLE_MODULES = YES;
				CLANG_ENABLE_OBJC_ARC = YES;
				CLANG_ENABLE_OBJC_WEAK = YES;
				CLANG_WARN_BLOCK_CAPTURE_AUTORELEASING = YES;
				CLANG_WARN_BOOL_CONVERSION = YES;
				CLANG_WARN_COMMA = YES;
				CLANG_WARN_CONSTANT_CONVERSION = YES;
				CLANG_WARN_DEPRECATED_OBJC_IMPLEMENTATIONS = YES;
				CLANG_WARN_DIRECT_OBJC_ISA_USAGE = YES_ERROR;
				CLANG_WARN_DOCUMENTATION_COMMENTS = YES;
				CLANG_WARN_EMPTY_BODY = YES;
				CLANG_WARN_ENUM_CONVERSION = YES;
				CLANG_WARN_INFINITE_RECURSION = YES;
				CLANG_WARN_INT_CONVERSION = YES;
				CLANG_WARN_NON_LITERAL_NULL_CONVERSION = YES;
				CLANG_WARN_OBJC_IMPLICIT_RETAIN_SELF = YES;
				CLANG_WARN_OBJC_LITERAL_CONVERSION = YES;
				CLANG_WARN_OBJC_ROOT_CLASS = YES_ERROR;
				CLANG_WARN_QUOTED_INCLUDE_IN_FRAMEWORK_HEADER = YES;
				CLANG_WARN_RANGE_LOOP_ANALYSIS = YES;
				CLANG_WARN_STRICT_PROTOTYPES = YES;
				CLANG_WARN_SUSPICIOUS_MOVE = YES;
				CLANG_WARN_UNGUARDED_AVAILABILITY = YES_AGGRESSIVE;
				CLANG_WARN_UNREACHABLE_CODE = YES;
				CLANG_WARN__DUPLICATE_METHOD_MATCH = YES;
				COPY_PHASE_STRIP = NO;
				DEBUG_INFORMATION_FORMAT = dwarf;
				ENABLE_STRICT_OBJC_MSGSEND = YES;
				ENABLE_TESTABILITY = YES;
				ENABLE_USER_SCRIPT_SANDBOXING = YES;
				GCC_C_LANGUAGE_STANDARD = gnu17;
				GCC_DYNAMIC_NO_PIC = NO;
				GCC_NO_COMMON_BLOCKS = YES;
				GCC_OPTIMIZATION_LEVEL = 0;
				GCC_PREPROCESSOR_DEFINITIONS = (
					"DEBUG=1",
					"$(inherited)",
				);
				GCC_WARN_64_TO_32_BIT_CONVERSION = YES;
				GCC_WARN_ABOUT_RETURN_TYPE = YES_ERROR;
				GCC_WARN_UNDECLARED_SELECTOR = YES;
				GCC_WARN_UNINITIALIZED_AUTOS = YES_AGGRESSIVE;
				GCC_WARN_UNUSED_FUNCTION = YES;
				GCC_WARN_UNUSED_VARIABLE = YES;
				IPHONEOS_DEPLOYMENT_TARGET = 17.2;
				LOCALIZATION_PREFERS_STRING_CATALOGS = YES;
				MTL_ENABLE_DEBUG_INFO = INCLUDE_SOURCE;
				MTL_FAST_MATH = YES;
				ONLY_ACTIVE_ARCH = YES;
				SDKROOT = iphoneos;
				SWIFT_ACTIVE_COMPILATION_CONDITIONS = "DEBUG $(inherited)";
				SWIFT_OPTIMIZATION_LEVEL = "-Onone";
			};
			name = Debug;
		};
		332EC4E52C5011E300B46ACC /* Release */ = {
			isa = XCBuildConfiguration;
			buildSettings = {
				ALWAYS_SEARCH_USER_PATHS = NO;
				ASSETCATALOG_COMPILER_GENERATE_SWIFT_ASSET_SYMBOL_EXTENSIONS = YES;
				CLANG_ANALYZER_NONNULL = YES;
				CLANG_ANALYZER_NUMBER_OBJECT_CONVERSION = YES_AGGRESSIVE;
				CLANG_CXX_LANGUAGE_STANDARD = "gnu++20";
				CLANG_ENABLE_MODULES = YES;
				CLANG_ENABLE_OBJC_ARC = YES;
				CLANG_ENABLE_OBJC_WEAK = YES;
				CLANG_WARN_BLOCK_CAPTURE_AUTORELEASING = YES;
				CLANG_WARN_BOOL_CONVERSION = YES;
				CLANG_WARN_COMMA = YES;
				CLANG_WARN_CONSTANT_CONVERSION = YES;
				CLANG_WARN_DEPRECATED_OBJC_IMPLEMENTATIONS = YES;
				CLANG_WARN_DIRECT_OBJC_ISA_USAGE = YES_ERROR;
				CLANG_WARN_DOCUMENTATION_COMMENTS = YES;
				CLANG_WARN_EMPTY_BODY = YES;
				CLANG_WARN_ENUM_CONVERSION = YES;
				CLANG_WARN_INFINITE_RECURSION = YES;
				CLANG_WARN_INT_CONVERSION = YES;
				CLANG_WARN_NON_LITERAL_NULL_CONVERSION = YES;
				CLANG_WARN_OBJC_IMPLICIT_RETAIN_SELF = YES;
				CLANG_WARN_OBJC_LITERAL_CONVERSION = YES;
				CLANG_WARN_OBJC_ROOT_CLASS = YES_ERROR;
				CLANG_WARN_QUOTED_INCLUDE_IN_FRAMEWORK_HEADER = YES;
				CLANG_WARN_RANGE_LOOP_ANALYSIS = YES;
				CLANG_WARN_STRICT_PROTOTYPES = YES;
				CLANG_WARN_SUSPICIOUS_MOVE = YES;
				CLANG_WARN_UNGUARDED_AVAILABILITY = YES_AGGRESSIVE;
				CLANG_WARN_UNREACHABLE_CODE = YES;
				CLANG_WARN__DUPLICATE_METHOD_MATCH = YES;
				COPY_PHASE_STRIP = NO;
				DEBUG_INFORMATION_FORMAT = "dwarf-with-dsym";
				ENABLE_NS_ASSERTIONS = NO;
				ENABLE_STRICT_OBJC_MSGSEND = YES;
				ENABLE_USER_SCRIPT_SANDBOXING = YES;
				GCC_C_LANGUAGE_STANDARD = gnu17;
				GCC_NO_COMMON_BLOCKS = YES;
				GCC_WARN_64_TO_32_BIT_CONVERSION = YES;
				GCC_WARN_ABOUT_RETURN_TYPE = YES_ERROR;
				GCC_WARN_UNDECLARED_SELECTOR = YES;
				GCC_WARN_UNINITIALIZED_AUTOS = YES_AGGRESSIVE;
				GCC_WARN_UNUSED_FUNCTION = YES;
				GCC_WARN_UNUSED_VARIABLE = YES;
				IPHONEOS_DEPLOYMENT_TARGET = 17.2;
				LOCALIZATION_PREFERS_STRING_CATALOGS = YES;
				MTL_ENABLE_DEBUG_INFO = NO;
				MTL_FAST_MATH = YES;
				SDKROOT = iphoneos;
				SWIFT_COMPILATION_MODE = wholemodule;
				VALIDATE_PRODUCT = YES;
			};
			name = Release;
		};
		332EC4E72C5011E300B46ACC /* Debug */ = {
			isa = XCBuildConfiguration;
			baseConfigurationReference = 3387D02E2C5780BF00C96B7D /* Config.xcconfig */;
			buildSettings = {
				ASSETCATALOG_COMPILER_APPICON_NAME = AppIcon;
				ASSETCATALOG_COMPILER_GLOBAL_ACCENT_COLOR_NAME = AccentColor;
				CODE_SIGN_STYLE = Automatic;
				CURRENT_PROJECT_VERSION = 1;
				DEVELOPMENT_TEAM = N2V2UX3D77;
				ENABLE_USER_SCRIPT_SANDBOXING = NO;
				GENERATE_INFOPLIST_FILE = YES;
				INFOPLIST_FILE = HN_Pra19_IOS_Movie_App/Info.plist;
				INFOPLIST_KEY_NSPhotoLibraryUsageDescription = "Please allow access Photos to add image to library!";
				INFOPLIST_KEY_UIApplicationSupportsIndirectInputEvents = YES;
				INFOPLIST_KEY_UILaunchStoryboardName = LaunchScreen;
				INFOPLIST_KEY_UIMainStoryboardFile = Main;
				INFOPLIST_KEY_UISupportedInterfaceOrientations = UIInterfaceOrientationPortrait;
				INFOPLIST_KEY_UIUserInterfaceStyle = Light;
				IPHONEOS_DEPLOYMENT_TARGET = 13.0;
				LD_RUNPATH_SEARCH_PATHS = (
					"$(inherited)",
					"@executable_path/Frameworks",
				);
				MARKETING_VERSION = 1.0;
				PRODUCT_BUNDLE_IDENTIFIER = "khanh.vu.HN-Pra19-IOS-Movie-App";
				PRODUCT_NAME = "$(TARGET_NAME)";
				SUPPORTED_PLATFORMS = "iphoneos iphonesimulator";
				SUPPORTS_MACCATALYST = NO;
				SUPPORTS_XR_DESIGNED_FOR_IPHONE_IPAD = NO;
				SWIFT_EMIT_LOC_STRINGS = YES;
				SWIFT_VERSION = 5.0;
				TARGETED_DEVICE_FAMILY = "1,2";
			};
			name = Debug;
		};
		332EC4E82C5011E300B46ACC /* Release */ = {
			isa = XCBuildConfiguration;
			baseConfigurationReference = 3387D02E2C5780BF00C96B7D /* Config.xcconfig */;
			buildSettings = {
				ASSETCATALOG_COMPILER_APPICON_NAME = AppIcon;
				ASSETCATALOG_COMPILER_GLOBAL_ACCENT_COLOR_NAME = AccentColor;
				CODE_SIGN_STYLE = Automatic;
				CURRENT_PROJECT_VERSION = 1;
				DEVELOPMENT_TEAM = N2V2UX3D77;
				ENABLE_USER_SCRIPT_SANDBOXING = NO;
				GENERATE_INFOPLIST_FILE = YES;
				INFOPLIST_FILE = HN_Pra19_IOS_Movie_App/Info.plist;
				INFOPLIST_KEY_NSPhotoLibraryUsageDescription = "Please allow access Photos to add image to library!";
				INFOPLIST_KEY_UIApplicationSupportsIndirectInputEvents = YES;
				INFOPLIST_KEY_UILaunchStoryboardName = LaunchScreen;
				INFOPLIST_KEY_UIMainStoryboardFile = Main;
				INFOPLIST_KEY_UISupportedInterfaceOrientations = UIInterfaceOrientationPortrait;
				INFOPLIST_KEY_UIUserInterfaceStyle = Light;
				IPHONEOS_DEPLOYMENT_TARGET = 13.0;
				LD_RUNPATH_SEARCH_PATHS = (
					"$(inherited)",
					"@executable_path/Frameworks",
				);
				MARKETING_VERSION = 1.0;
				PRODUCT_BUNDLE_IDENTIFIER = "khanh.vu.HN-Pra19-IOS-Movie-App";
				PRODUCT_NAME = "$(TARGET_NAME)";
				SUPPORTED_PLATFORMS = "iphoneos iphonesimulator";
				SUPPORTS_MACCATALYST = NO;
				SUPPORTS_XR_DESIGNED_FOR_IPHONE_IPAD = NO;
				SWIFT_EMIT_LOC_STRINGS = YES;
				SWIFT_VERSION = 5.0;
				TARGETED_DEVICE_FAMILY = "1,2";
			};
			name = Release;
		};
/* End XCBuildConfiguration section */

/* Begin XCConfigurationList section */
		332EC4CD2C5011E200B46ACC /* Build configuration list for PBXProject "HN_Pra19_IOS_Movie_App" */ = {
			isa = XCConfigurationList;
			buildConfigurations = (
				332EC4E42C5011E300B46ACC /* Debug */,
				332EC4E52C5011E300B46ACC /* Release */,
			);
			defaultConfigurationIsVisible = 0;
			defaultConfigurationName = Release;
		};
		332EC4E62C5011E300B46ACC /* Build configuration list for PBXNativeTarget "HN_Pra19_IOS_Movie_App" */ = {
			isa = XCConfigurationList;
			buildConfigurations = (
				332EC4E72C5011E300B46ACC /* Debug */,
				332EC4E82C5011E300B46ACC /* Release */,
			);
			defaultConfigurationIsVisible = 0;
			defaultConfigurationName = Release;
		};
/* End XCConfigurationList section */

/* Begin XCVersionGroup section */
		33F04CBC2C60017F007C4BFD /* DB.xcdatamodeld */ = {
			isa = XCVersionGroup;
			children = (
				33F04CBD2C60017F007C4BFD /* DB.xcdatamodel */,
			);
			currentVersion = 33F04CBD2C60017F007C4BFD /* DB.xcdatamodel */;
			path = DB.xcdatamodeld;
			sourceTree = "<group>";
			versionGroupType = wrapper.xcdatamodel;
		};
/* End XCVersionGroup section */
	};
	rootObject = 332EC4CA2C5011E200B46ACC /* Project object */;
}
